{
    "_meta": {
        "hash": {
            "sha256": "7879f4d90e9dbc95513cf94c18ea3bd3819f249a0080882f62a992cc81b3012f"
        },
        "pipfile-spec": 6,
        "requires": {
            "python_version": "3.7"
        },
        "sources": [
            {
                "name": "pypi",
                "url": "https://pypi.org/simple",
                "verify_ssl": true
            }
        ]
    },
    "default": {
        "chromedriver-binary": {
            "hashes": [
                "sha256:fc622d3d8e66daf40ef6e5f4382cf6c16f3e0d147a6ecb139b5903dfce6e80ea"
            ],
            "index": "pypi",
            "version": "==83.0.4103.14.0"
        }
    },
    "develop": {}
}
